
Microsoft Visual Studio Solution File, Format Version 12.00
# Visual Studio 15
VisualStudioVersion = 15.0.28010.2019
MinimumVisualStudioVersion = 10.0.40219.1
Project("{FAE04EC0-301F-11D3-BF4B-00C04F79EFBC}") = "AnThanh", "AnThanh\AnThanh.csproj", "{F00CB70F-67F3-419C-AB8D-86F6E595E6B3}"
EndProject
Project("{FAE04EC0-301F-11D3-BF4B-00C04F79EFBC}") = "ObjInfo", "ObjInfo\ObjInfo.csproj", "{B9044CD4-3DE3-4C8E-9E21-EA6FDB65B501}"
EndProject
Project("{FAE04EC0-301F-11D3-BF4B-00C04F79EFBC}") = "BusinessFacadeLayer", "BusinessFacadeLayer\BusinessFacadeLayer.csproj", "{4978BEA9-3ABF-45AE-B283-B41970F55254}"
EndProject
Project("{FAE04EC0-301F-11D3-BF4B-00C04F79EFBC}") = "DataAccessLayer", "DataAccessLayer\DataAccessLayer.csproj", "{898E1C43-2A81-458D-A2E6-7AD19CD97243}"
EndProject
Project("{FAE04EC0-301F-11D3-BF4B-00C04F79EFBC}") = "NaviCommon", "NaviCommon\NaviCommon.csproj", "{6F0EBB35-8F79-48E4-87C1-6984B896C508}"
EndProject
Global
	GlobalSection(SolutionConfigurationPlatforms) = preSolution
		Debug|Any CPU = Debug|Any CPU
		Release|Any CPU = Release|Any CPU
	EndGlobalSection
	GlobalSection(ProjectConfigurationPlatforms) = postSolution
		{F00CB70F-67F3-419C-AB8D-86F6E595E6B3}.Debug|Any CPU.ActiveCfg = Debug|Any CPU
		{F00CB70F-67F3-419C-AB8D-86F6E595E6B3}.Debug|Any CPU.Build.0 = Debug|Any CPU
		{F00CB70F-67F3-419C-AB8D-86F6E595E6B3}.Release|Any CPU.ActiveCfg = Release|Any CPU
		{F00CB70F-67F3-419C-AB8D-86F6E595E6B3}.Release|Any CPU.Build.0 = Release|Any CPU
		{B9044CD4-3DE3-4C8E-9E21-EA6FDB65B501}.Debug|Any CPU.ActiveCfg = Debug|Any CPU
		{B9044CD4-3DE3-4C8E-9E21-EA6FDB65B501}.Debug|Any CPU.Build.0 = Debug|Any CPU
		{B9044CD4-3DE3-4C8E-9E21-EA6FDB65B501}.Release|Any CPU.ActiveCfg = Release|Any CPU
		{B9044CD4-3DE3-4C8E-9E21-EA6FDB65B501}.Release|Any CPU.Build.0 = Release|Any CPU
		{4978BEA9-3ABF-45AE-B283-B41970F55254}.Debug|Any CPU.ActiveCfg = Debug|Any CPU
		{4978BEA9-3ABF-45AE-B283-B41970F55254}.Debug|Any CPU.Build.0 = Debug|Any CPU
		{4978BEA9-3ABF-45AE-B283-B41970F55254}.Release|Any CPU.ActiveCfg = Release|Any CPU
		{4978BEA9-3ABF-45AE-B283-B41970F55254}.Release|Any CPU.Build.0 = Release|Any CPU
		{898E1C43-2A81-458D-A2E6-7AD19CD97243}.Debug|Any CPU.ActiveCfg = Debug|Any CPU
		{898E1C43-2A81-458D-A2E6-7AD19CD97243}.Debug|Any CPU.Build.0 = Debug|Any CPU
		{898E1C43-2A81-458D-A2E6-7AD19CD97243}.Release|Any CPU.ActiveCfg = Release|Any CPU
		{898E1C43-2A81-458D-A2E6-7AD19CD97243}.Release|Any CPU.Build.0 = Release|Any CPU
		{6F0EBB35-8F79-48E4-87C1-6984B896C508}.Debug|Any CPU.ActiveCfg = Debug|Any CPU
		{6F0EBB35-8F79-48E4-87C1-6984B896C508}.Debug|Any CPU.Build.0 = Debug|Any CPU
		{6F0EBB35-8F79-48E4-87C1-6984B896C508}.Release|Any CPU.ActiveCfg = Release|Any CPU
		{6F0EBB35-8F79-48E4-87C1-6984B896C508}.Release|Any CPU.Build.0 = Release|Any CPU
	EndGlobalSection
	GlobalSection(SolutionProperties) = preSolution
		HideSolutionNode = FALSE
	EndGlobalSection
	GlobalSection(ExtensibilityGlobals) = postSolution
		SolutionGuid = {159CBA59-3FAA-43F6-A97E-E3F028136C8D}
	EndGlobalSection
EndGlobal
